
Microsoft Visual Studio Solution File, Format Version 12.00
# Visual Studio Version 17
VisualStudioVersion = 17.14.36121.58
MinimumVisualStudioVersion = 10.0.40219.1
Project("{FAE04EC0-301F-11D3-BF4B-00C04F79EFBC}") = "PotterKataTests", "PotterKataTests\PotterKataTests.csproj", "{A8382E56-0AD4-4FB4-A254-EA3616E63BCD}"
EndProject
Project("{FAE04EC0-301F-11D3-BF4B-00C04F79EFBC}") = "PotterKata", "PotterKata\PotterKata.csproj", "{1406CF59-7471-461B-AC17-E387A8C1D462}"
EndProject
Project("{2150E333-8FDC-42A3-9474-1A3956D46DE8}") = "Solution Items", "Solution Items", "{8EC462FD-D22E-90A8-E5CE-7E832BA40C5D}"
	ProjectSection(SolutionItems) = preProject
		README.md = README.md
	EndProjectSection
EndProject
Global
	GlobalSection(SolutionConfigurationPlatforms) = preSolution
		Debug|Any CPU = Debug|Any CPU
		Release|Any CPU = Release|Any CPU
	EndGlobalSection
	GlobalSection(ProjectConfigurationPlatforms) = postSolution
		{A8382E56-0AD4-4FB4-A254-EA3616E63BCD}.Debug|Any CPU.ActiveCfg = Debug|Any CPU
		{A8382E56-0AD4-4FB4-A254-EA3616E63BCD}.Debug|Any CPU.Build.0 = Debug|Any CPU
		{A8382E56-0AD4-4FB4-A254-EA3616E63BCD}.Release|Any CPU.ActiveCfg = Release|Any CPU
		{A8382E56-0AD4-4FB4-A254-EA3616E63BCD}.Release|Any CPU.Build.0 = Release|Any CPU
		{1406CF59-7471-461B-AC17-E387A8C1D462}.Debug|Any CPU.ActiveCfg = Debug|Any CPU
		{1406CF59-7471-461B-AC17-E387A8C1D462}.Debug|Any CPU.Build.0 = Debug|Any CPU
		{1406CF59-7471-461B-AC17-E387A8C1D462}.Release|Any CPU.ActiveCfg = Release|Any CPU
		{1406CF59-7471-461B-AC17-E387A8C1D462}.Release|Any CPU.Build.0 = Release|Any CPU
	EndGlobalSection
	GlobalSection(SolutionProperties) = preSolution
		HideSolutionNode = FALSE
	EndGlobalSection
	GlobalSection(ExtensibilityGlobals) = postSolution
		SolutionGuid = {35743C45-3769-4720-9CD1-4009EBED8630}
	EndGlobalSection
EndGlobal
